
Microsoft Visual Studio Solution File, Format Version 12.00
# Visual Studio Version 17
VisualStudioVersion = 17.10.34928.147
MinimumVisualStudioVersion = 10.0.40219.1
Project("{FAE04EC0-301F-11D3-BF4B-00C04F79EFBC}") = "EF_Task(1)", "EF_Task(1).csproj", "{D97AAE09-4A63-4AC1-93A5-1CDDD8C363BC}"
EndProject
Global
	GlobalSection(SolutionConfigurationPlatforms) = preSolution
		Debug|Any CPU = Debug|Any CPU
		Release|Any CPU = Release|Any CPU
	EndGlobalSection
	GlobalSection(ProjectConfigurationPlatforms) = postSolution
		{D97AAE09-4A63-4AC1-93A5-1CDDD8C363BC}.Debug|Any CPU.ActiveCfg = Debug|Any CPU
		{D97AAE09-4A63-4AC1-93A5-1CDDD8C363BC}.Debug|Any CPU.Build.0 = Debug|Any CPU
		{D97AAE09-4A63-4AC1-93A5-1CDDD8C363BC}.Release|Any CPU.ActiveCfg = Release|Any CPU
		{D97AAE09-4A63-4AC1-93A5-1CDDD8C363BC}.Release|Any CPU.Build.0 = Release|Any CPU
	EndGlobalSection
	GlobalSection(SolutionProperties) = preSolution
		HideSolutionNode = FALSE
	EndGlobalSection
	GlobalSection(ExtensibilityGlobals) = postSolution
		SolutionGuid = {14EA10DA-4884-47EA-ACA4-94819DBADA9A}
	EndGlobalSection
EndGlobal
